
Microsoft Visual Studio Solution File, Format Version 12.00
# Visual Studio Version 16
VisualStudioVersion = 16.0.31605.320
MinimumVisualStudioVersion = 10.0.40219.1
Project("{9A19103F-16F7-4668-BE54-9A1E7A4F7556}") = "PizzaAspDotNetCoreWebApiProject", "PizzaAspDotNetCoreWebApiProject\PizzaAspDotNetCoreWebApiProject.csproj", "{D0CF309B-F557-40BB-98EC-71B82AB9B325}"
EndProject
Project("{FAE04EC0-301F-11D3-BF4B-00C04F79EFBC}") = "PizzaSpecialTest", "PizzaSpecialTest\PizzaSpecialTest.csproj", "{F11A34F8-5F52-4B53-9099-3128148CEC82}"
EndProject
Global
	GlobalSection(SolutionConfigurationPlatforms) = preSolution
		Debug|Any CPU = Debug|Any CPU
		Release|Any CPU = Release|Any CPU
	EndGlobalSection
	GlobalSection(ProjectConfigurationPlatforms) = postSolution
		{D0CF309B-F557-40BB-98EC-71B82AB9B325}.Debug|Any CPU.ActiveCfg = Debug|Any CPU
		{D0CF309B-F557-40BB-98EC-71B82AB9B325}.Debug|Any CPU.Build.0 = Debug|Any CPU
		{D0CF309B-F557-40BB-98EC-71B82AB9B325}.Release|Any CPU.ActiveCfg = Release|Any CPU
		{D0CF309B-F557-40BB-98EC-71B82AB9B325}.Release|Any CPU.Build.0 = Release|Any CPU
		{F11A34F8-5F52-4B53-9099-3128148CEC82}.Debug|Any CPU.ActiveCfg = Debug|Any CPU
		{F11A34F8-5F52-4B53-9099-3128148CEC82}.Debug|Any CPU.Build.0 = Debug|Any CPU
		{F11A34F8-5F52-4B53-9099-3128148CEC82}.Release|Any CPU.ActiveCfg = Release|Any CPU
		{F11A34F8-5F52-4B53-9099-3128148CEC82}.Release|Any CPU.Build.0 = Release|Any CPU
	EndGlobalSection
	GlobalSection(SolutionProperties) = preSolution
		HideSolutionNode = FALSE
	EndGlobalSection
	GlobalSection(ExtensibilityGlobals) = postSolution
		SolutionGuid = {5FAC1966-8DF1-42F4-88C4-DAA26CD6AB68}
	EndGlobalSection
EndGlobal
